{
  "name": "jarciniegas20-palindrome",
  "version": "0.1.0",
  "lockfileVersion": 3,
  "requires": true,
  "packages": {
    "": {
      "name": "jarciniegas20-palindrome",
      "version": "0.1.0",
      "license": "ISC",
      "dependencies": {
        "jarciniegas20-palindrome": "^0.1.0"
      }
    },
    "node_modules/jarciniegas20-palindrome": {
      "version": "0.1.0",
      "resolved": "https://registry.npmjs.org/jarciniegas20-palindrome/-/jarciniegas20-palindrome-0.1.0.tgz",
      "integrity": "sha512-bzg3uuB6/OOncFxZS8N/5p+dXxyqOKUhGhzdfHnbjslDp9h6Yx8QB3w9GlrULgryWWhsylF4IOVFd+QWRnVkKg=="
    }
  }
}
